{
  "name": "mrb",
  "version": "1.0.0",
  "lockfileVersion": 3,
  "requires": true,
  "packages": {
    "": {
      "name": "mrb",
      "version": "1.0.0",
      "license": "ISC",
      "devDependencies": {
        "@types/chrome": "^0.0.244",
        "typescript": "^5.2.2"
      }
    },
    "node_modules/@types/chrome": {
      "version": "0.0.244",
      "resolved": "https://registry.npmjs.org/@types/chrome/-/chrome-0.0.244.tgz",
      "integrity": "sha512-pC8kBWuUqGhG6S5d3E44a2f1TA2XHX/sXfCIrrDpA4K65Ozzw3mYQjuvMOTdSUCx4HjJhp4zuZh6fKOH3UdA1g==",
      "dev": true,
      "dependencies": {
        "@types/filesystem": "*",
        "@types/har-format": "*"
      }
    },
    "node_modules/@types/filesystem": {
      "version": "0.0.32",
      "resolved": "https://registry.npmjs.org/@types/filesystem/-/filesystem-0.0.32.tgz",
      "integrity": "sha512-Yuf4jR5YYMR2DVgwuCiP11s0xuVRyPKmz8vo6HBY3CGdeMj8af93CFZX+T82+VD1+UqHOxTq31lO7MI7lepBtQ==",
      "dev": true,
      "dependencies": {
        "@types/filewriter": "*"
      }
    },
    "node_modules/@types/filewriter": {
      "version": "0.0.29",
      "resolved": "https://registry.npmjs.org/@types/filewriter/-/filewriter-0.0.29.tgz",
      "integrity": "sha512-BsPXH/irW0ht0Ji6iw/jJaK8Lj3FJemon2gvEqHKpCdDCeemHa+rI3WBGq5z7cDMZgoLjY40oninGxqk+8NzNQ==",
      "dev": true
    },
    "node_modules/@types/har-format": {
      "version": "1.2.12",
      "resolved": "https://registry.npmjs.org/@types/har-format/-/har-format-1.2.12.tgz",
      "integrity": "sha512-P20p/YBrqUBmzD6KhIQ8EiY4/RRzlekL4eCvfQnulFPfjmiGxKIoyCeI7qam5I7oKH3P8EU4ptEi0EfyGoLysw==",
      "dev": true
    },
    "node_modules/typescript": {
      "version": "5.2.2",
      "resolved": "https://registry.npmjs.org/typescript/-/typescript-5.2.2.tgz",
      "integrity": "sha512-mI4WrpHsbCIcwT9cF4FZvr80QUeKvsUsUvKDoR+X/7XHQH98xYD8YHZg7ANtz2GtZt/CBq2QJ0thkGJMHfqc1w==",
      "dev": true,
      "bin": {
        "tsc": "bin/tsc",
        "tsserver": "bin/tsserver"
      },
      "engines": {
        "node": ">=14.17"
      }
    }
  }
}
